{
  "originHash" : "f63739fa2f310d0d79b3d80f8a71233809792657a095b4dd683975fc2bc35ce3",
  "pins" : [
    {
      "identity" : "flex",
      "kind" : "remoteSourceControl",
      "location" : "https://github.com/FLEXTool/FLEX.git",
      "state" : {
        "revision" : "e0acf59d06d498041f65bbea1e5914b6e4b39733",
        "version" : "5.22.10"
      }
    },
    {
      "identity" : "parse-swift",
      "kind" : "remoteSourceControl",
      "location" : "https://github.com/parse-community/Parse-Swift",
      "state" : {
        "revision" : "dc7666f774755be333f48f25c4d8bead0a1a6877",
        "version" : "4.14.2"
      }
    },
    {
      "identity" : "sfsafesymbols",
      "kind" : "remoteSourceControl",
      "location" : "https://github.com/SFSafeSymbols/SFSafeSymbols",
      "state" : {
        "revision" : "e2e28f4e56e1769c2ec3c61c9355fc64eb7a535a",
        "version" : "5.3.0"
      }
    }
  ],
  "version" : 3
}
